// !$*UTF8*$!
{
	archiveVersion = 1;
	classes = {
	};
	objectVersion = 56;
	objects = {

/* Begin PBXBuildFile section */
		EEDD7E4E2A38BABC000BD240 /* CampFinderApp.swift in Sources */ = {isa = PBXBuildFile; fileRef = EEDD7E4D2A38BABC000BD240 /* CampFinderApp.swift */; };
		EEDD7E502A38BABC000BD240 /* ContentView.swift in Sources */ = {isa = PBXBuildFile; fileRef = EEDD7E4F2A38BABC000BD240 /* ContentView.swift */; };
		EEDD7E522A38BABE000BD240 /* Assets.xcassets in Resources */ = {isa = PBXBuildFile; fileRef = EEDD7E512A38BABE000BD240 /* Assets.xcassets */; };
		EEDD7E552A38BABE000BD240 /* Preview Assets.xcassets in Resources */ = {isa = PBXBuildFile; fileRef = EEDD7E542A38BABE000BD240 /* Preview Assets.xcassets */; };
		F3F4515D2A38FCB600AEED3F /* AboutUs.swift in Sources */ = {isa = PBXBuildFile; fileRef = F3F4515C2A38FCB600AEED3F /* AboutUs.swift */; };
		F3F4515F2A38FD2A00AEED3F /* ProgramOptions.swift in Sources */ = {isa = PBXBuildFile; fileRef = F3F4515E2A38FD2A00AEED3F /* ProgramOptions.swift */; };
		F3F451612A3900FE00AEED3F /* Remote.swift in Sources */ = {isa = PBXBuildFile; fileRef = F3F451602A3900FE00AEED3F /* Remote.swift */; };
		F3F451632A39015700AEED3F /* InPerson.swift in Sources */ = {isa = PBXBuildFile; fileRef = F3F451622A39015700AEED3F /* InPerson.swift */; };
		F3F451652A3901A400AEED3F /* Resources.swift in Sources */ = {isa = PBXBuildFile; fileRef = F3F451642A3901A400AEED3F /* Resources.swift */; };
/* End PBXBuildFile section */

/* Begin PBXFileReference section */
		EEDD7E4A2A38BABC000BD240 /* CampFinder.app */ = {isa = PBXFileReference; explicitFileType = wrapper.application; includeInIndex = 0; path = CampFinder.app; sourceTree = BUILT_PRODUCTS_DIR; };
		EEDD7E4D2A38BABC000BD240 /* CampFinderApp.swift */ = {isa = PBXFileReference; lastKnownFileType = sourcecode.swift; path = CampFinderApp.swift; sourceTree = "<group>"; };
		EEDD7E4F2A38BABC000BD240 /* ContentView.swift */ = {isa = PBXFileReference; lastKnownFileType = sourcecode.swift; path = ContentView.swift; sourceTree = "<group>"; };
		EEDD7E512A38BABE000BD240 /* Assets.xcassets */ = {isa = PBXFileReference; lastKnownFileType = folder.assetcatalog; path = Assets.xcassets; sourceTree = "<group>"; };
		EEDD7E542A38BABE000BD240 /* Preview Assets.xcassets */ = {isa = PBXFileReference; lastKnownFileType = folder.assetcatalog; path = "Preview Assets.xcassets"; sourceTree = "<group>"; };
		F3F4515C2A38FCB600AEED3F /* AboutUs.swift */ = {isa = PBXFileReference; lastKnownFileType = sourcecode.swift; path = AboutUs.swift; sourceTree = "<group>"; };
		F3F4515E2A38FD2A00AEED3F /* ProgramOptions.swift */ = {isa = PBXFileReference; lastKnownFileType = sourcecode.swift; path = ProgramOptions.swift; sourceTree = "<group>"; };
		F3F451602A3900FE00AEED3F /* Remote.swift */ = {isa = PBXFileReference; lastKnownFileType = sourcecode.swift; path = Remote.swift; sourceTree = "<group>"; };
		F3F451622A39015700AEED3F /* InPerson.swift */ = {isa = PBXFileReference; lastKnownFileType = sourcecode.swift; path = InPerson.swift; sourceTree = "<group>"; };
		F3F451642A3901A400AEED3F /* Resources.swift */ = {isa = PBXFileReference; lastKnownFileType = sourcecode.swift; path = Resources.swift; sourceTree = "<group>"; };
/* End PBXFileReference section */

/* Begin PBXFrameworksBuildPhase section */
		EEDD7E472A38BABC000BD240 /* Frameworks */ = {
			isa = PBXFrameworksBuildPhase;
			buildActionMask = 2147483647;
			files = (
			);
			runOnlyForDeploymentPostprocessing = 0;
		};
/* End PBXFrameworksBuildPhase section */

/* Begin PBXGroup section */
		EEDD7E412A38BABC000BD240 = {
			isa = PBXGroup;
			children = (
				EEDD7E4C2A38BABC000BD240 /* CampFinder */,
				EEDD7E4B2A38BABC000BD240 /* Products */,
			);
			sourceTree = "<group>";
		};
		EEDD7E4B2A38BABC000BD240 /* Products */ = {
			isa = PBXGroup;
			children = (
				EEDD7E4A2A38BABC000BD240 /* CampFinder.app */,
			);
			name = Products;
			sourceTree = "<group>";
		};
		EEDD7E4C2A38BABC000BD240 /* CampFinder */ = {
			isa = PBXGroup;
			children = (
				EEDD7E4D2A38BABC000BD240 /* CampFinderApp.swift */,
				EEDD7E4F2A38BABC000BD240 /* ContentView.swift */,
				F3F4515E2A38FD2A00AEED3F /* ProgramOptions.swift */,
				F3F451642A3901A400AEED3F /* Resources.swift */,
				F3F451622A39015700AEED3F /* InPerson.swift */,
				F3F451602A3900FE00AEED3F /* Remote.swift */,
				F3F4515C2A38FCB600AEED3F /* AboutUs.swift */,
				EEDD7E512A38BABE000BD240 /* Assets.xcassets */,
				EEDD7E532A38BABE000BD240 /* Preview Content */,
			);
			path = CampFinder;
			sourceTree = "<group>";
		};
		EEDD7E532A38BABE000BD240 /* Preview Content */ = {
			isa = PBXGroup;
			children = (
				EEDD7E542A38BABE000BD240 /* Preview Assets.xcassets */,
			);
			path = "Preview Content";
			sourceTree = "<group>";
		};
/* End PBXGroup section */

/* Begin PBXNativeTarget section */
		EEDD7E492A38BABC000BD240 /* CampFinder */ = {
			isa = PBXNativeTarget;
			buildConfigurationList = EEDD7E582A38BABE000BD240 /* Build configuration list for PBXNativeTarget "CampFinder" */;
			buildPhases = (
				EEDD7E462A38BABC000BD240 /* Sources */,
				EEDD7E472A38BABC000BD240 /* Frameworks */,
				EEDD7E482A38BABC000BD240 /* Resources */,
			);
			buildRules = (
			);
			dependencies = (
			);
			name = CampFinder;
			productName = CampFinder;
			productReference = EEDD7E4A2A38BABC000BD240 /* CampFinder.app */;
			productType = "com.apple.product-type.application";
		};
/* End PBXNativeTarget section */

/* Begin PBXProject section */
		EEDD7E422A38BABC000BD240 /* Project object */ = {
			isa = PBXProject;
			attributes = {
				BuildIndependentTargetsInParallel = 1;
				LastSwiftUpdateCheck = 1430;
				LastUpgradeCheck = 1430;
				TargetAttributes = {
					EEDD7E492A38BABC000BD240 = {
						CreatedOnToolsVersion = 14.3.1;
					};
				};
			};
			buildConfigurationList = EEDD7E452A38BABC000BD240 /* Build configuration list for PBXProject "CampFinder" */;
			compatibilityVersion = "Xcode 14.0";
			developmentRegion = en;
			hasScannedForEncodings = 0;
			knownRegions = (
				en,
				Base,
			);
			mainGroup = EEDD7E412A38BABC000BD240;
			productRefGroup = EEDD7E4B2A38BABC000BD240 /* Products */;
			projectDirPath = "";
			projectRoot = "";
			targets = (
				EEDD7E492A38BABC000BD240 /* CampFinder */,
			);
		};
/* End PBXProject section */

/* Begin PBXResourcesBuildPhase section */
		EEDD7E482A38BABC000BD240 /* Resources */ = {
			isa = PBXResourcesBuildPhase;
			buildActionMask = 2147483647;
			files = (
				EEDD7E552A38BABE000BD240 /* Preview Assets.xcassets in Resources */,
				EEDD7E522A38BABE000BD240 /* Assets.xcassets in Resources */,
			);
			runOnlyForDeploymentPostprocessing = 0;
		};
/* End PBXResourcesBuildPhase section */

/* Begin PBXSourcesBuildPhase section */
		EEDD7E462A38BABC000BD240 /* Sources */ = {
			isa = PBXSourcesBuildPhase;
			buildActionMask = 2147483647;
			files = (
				F3F4515D2A38FCB600AEED3F /* AboutUs.swift in Sources */,
				F3F451612A3900FE00AEED3F /* Remote.swift in Sources */,
				F3F451652A3901A400AEED3F /* Resources.swift in Sources */,
				EEDD7E502A38BABC000BD240 /* ContentView.swift in Sources */,
				F3F451632A39015700AEED3F /* InPerson.swift in Sources */,
				EEDD7E4E2A38BABC000BD240 /* CampFinderApp.swift in Sources */,
				F3F4515F2A38FD2A00AEED3F /* ProgramOptions.swift in Sources */,
			);
			runOnlyForDeploymentPostprocessing = 0;
		};
/* End PBXSourcesBuildPhase section */

/* Begin XCBuildConfiguration section */
		EEDD7E562A38BABE000BD240 /* Debug */ = {
			isa = XCBuildConfiguration;
			buildSettings = {
				ALWAYS_SEARCH_USER_PATHS = NO;
				CLANG_ANALYZER_NONNULL = YES;
				CLANG_ANALYZER_NUMBER_OBJECT_CONVERSION = YES_AGGRESSIVE;
				CLANG_CXX_LANGUAGE_STANDARD = "gnu++20";
				CLANG_ENABLE_MODULES = YES;
				CLANG_ENABLE_OBJC_ARC = YES;
				CLANG_ENABLE_OBJC_WEAK = YES;
				CLANG_WARN_BLOCK_CAPTURE_AUTORELEASING = YES;
				CLANG_WARN_BOOL_CONVERSION = YES;
				CLANG_WARN_COMMA = YES;
				CLANG_WARN_CONSTANT_CONVERSION = YES;
				CLANG_WARN_DEPRECATED_OBJC_IMPLEMENTATIONS = YES;
				CLANG_WARN_DIRECT_OBJC_ISA_USAGE = YES_ERROR;
				CLANG_WARN_DOCUMENTATION_COMMENTS = YES;
				CLANG_WARN_EMPTY_BODY = YES;
				CLANG_WARN_ENUM_CONVERSION = YES;
				CLANG_WARN_INFINITE_RECURSION = YES;
				CLANG_WARN_INT_CONVERSION = YES;
				CLANG_WARN_NON_LITERAL_NULL_CONVERSION = YES;
				CLANG_WARN_OBJC_IMPLICIT_RETAIN_SELF = YES;
				CLANG_WARN_OBJC_LITERAL_CONVERSION = YES;
				CLANG_WARN_OBJC_ROOT_CLASS = YES_ERROR;
				CLANG_WARN_QUOTED_INCLUDE_IN_FRAMEWORK_HEADER = YES;
				CLANG_WARN_RANGE_LOOP_ANALYSIS = YES;
				CLANG_WARN_STRICT_PROTOTYPES = YES;
				CLANG_WARN_SUSPICIOUS_MOVE = YES;
				CLANG_WARN_UNGUARDED_AVAILABILITY = YES_AGGRESSIVE;
				CLANG_WARN_UNREACHABLE_CODE = YES;
				CLANG_WARN__DUPLICATE_METHOD_MATCH = YES;
				COPY_PHASE_STRIP = NO;
				DEBUG_INFORMATION_FORMAT = dwarf;
				ENABLE_STRICT_OBJC_MSGSEND = YES;
				ENABLE_TESTABILITY = YES;
				GCC_C_LANGUAGE_STANDARD = gnu11;
				GCC_DYNAMIC_NO_PIC = NO;
				GCC_NO_COMMON_BLOCKS = YES;
				GCC_OPTIMIZATION_LEVEL = 0;
				GCC_PREPROCESSOR_DEFINITIONS = (
					"DEBUG=1",
					"$(inherited)",
				);
				GCC_WARN_64_TO_32_BIT_CONVERSION = YES;
				GCC_WARN_ABOUT_RETURN_TYPE = YES_ERROR;
				GCC_WARN_UNDECLARED_SELECTOR = YES;
				GCC_WARN_UNINITIALIZED_AUTOS = YES_AGGRESSIVE;
				GCC_WARN_UNUSED_FUNCTION = YES;
				GCC_WARN_UNUSED_VARIABLE = YES;
				IPHONEOS_DEPLOYMENT_TARGET = 16.4;
				MTL_ENABLE_DEBUG_INFO = INCLUDE_SOURCE;
				MTL_FAST_MATH = YES;
				ONLY_ACTIVE_ARCH = YES;
				SDKROOT = iphoneos;
				SWIFT_ACTIVE_COMPILATION_CONDITIONS = DEBUG;
				SWIFT_OPTIMIZATION_LEVEL = "-Onone";
			};
			name = Debug;
		};
		EEDD7E572A38BABE000BD240 /* Release */ = {
			isa = XCBuildConfiguration;
			buildSettings = {
				ALWAYS_SEARCH_USER_PATHS = NO;
				CLANG_ANALYZER_NONNULL = YES;
				CLANG_ANALYZER_NUMBER_OBJECT_CONVERSION = YES_AGGRESSIVE;
				CLANG_CXX_LANGUAGE_STANDARD = "gnu++20";
				CLANG_ENABLE_MODULES = YES;
				CLANG_ENABLE_OBJC_ARC = YES;
				CLANG_ENABLE_OBJC_WEAK = YES;
				CLANG_WARN_BLOCK_CAPTURE_AUTORELEASING = YES;
				CLANG_WARN_BOOL_CONVERSION = YES;
				CLANG_WARN_COMMA = YES;
				CLANG_WARN_CONSTANT_CONVERSION = YES;
				CLANG_WARN_DEPRECATED_OBJC_IMPLEMENTATIONS = YES;
				CLANG_WARN_DIRECT_OBJC_ISA_USAGE = YES_ERROR;
				CLANG_WARN_DOCUMENTATION_COMMENTS = YES;
				CLANG_WARN_EMPTY_BODY = YES;
				CLANG_WARN_ENUM_CONVERSION = YES;
				CLANG_WARN_INFINITE_RECURSION = YES;
				CLANG_WARN_INT_CONVERSION = YES;
				CLANG_WARN_NON_LITERAL_NULL_CONVERSION = YES;
				CLANG_WARN_OBJC_IMPLICIT_RETAIN_SELF = YES;
				CLANG_WARN_OBJC_LITERAL_CONVERSION = YES;
				CLANG_WARN_OBJC_ROOT_CLASS = YES_ERROR;
				CLANG_WARN_QUOTED_INCLUDE_IN_FRAMEWORK_HEADER = YES;
				CLANG_WARN_RANGE_LOOP_ANALYSIS = YES;
				CLANG_WARN_STRICT_PROTOTYPES = YES;
				CLANG_WARN_SUSPICIOUS_MOVE = YES;
				CLANG_WARN_UNGUARDED_AVAILABILITY = YES_AGGRESSIVE;
				CLANG_WARN_UNREACHABLE_CODE = YES;
				CLANG_WARN__DUPLICATE_METHOD_MATCH = YES;
				COPY_PHASE_STRIP = NO;
				DEBUG_INFORMATION_FORMAT = "dwarf-with-dsym";
				ENABLE_NS_ASSERTIONS = NO;
				ENABLE_STRICT_OBJC_MSGSEND = YES;
				GCC_C_LANGUAGE_STANDARD = gnu11;
				GCC_NO_COMMON_BLOCKS = YES;
				GCC_WARN_64_TO_32_BIT_CONVERSION = YES;
				GCC_WARN_ABOUT_RETURN_TYPE = YES_ERROR;
				GCC_WARN_UNDECLARED_SELECTOR = YES;
				GCC_WARN_UNINITIALIZED_AUTOS = YES_AGGRESSIVE;
				GCC_WARN_UNUSED_FUNCTION = YES;
				GCC_WARN_UNUSED_VARIABLE = YES;
				IPHONEOS_DEPLOYMENT_TARGET = 16.4;
				MTL_ENABLE_DEBUG_INFO = NO;
				MTL_FAST_MATH = YES;
				SDKROOT = iphoneos;
				SWIFT_COMPILATION_MODE = wholemodule;
				SWIFT_OPTIMIZATION_LEVEL = "-O";
				VALIDATE_PRODUCT = YES;
			};
			name = Release;
		};
		EEDD7E592A38BABE000BD240 /* Debug */ = {
			isa = XCBuildConfiguration;
			buildSettings = {
				ASSETCATALOG_COMPILER_APPICON_NAME = AppIcon;
				ASSETCATALOG_COMPILER_GLOBAL_ACCENT_COLOR_NAME = AccentColor;
				CODE_SIGN_STYLE = Automatic;
				CURRENT_PROJECT_VERSION = 1;
				DEVELOPMENT_ASSET_PATHS = "\"CampFinder/Preview Content\"";
				DEVELOPMENT_TEAM = FMF3PSMXHT;
				ENABLE_PREVIEWS = YES;
				GENERATE_INFOPLIST_FILE = YES;
				INFOPLIST_KEY_UIApplicationSceneManifest_Generation = YES;
				INFOPLIST_KEY_UIApplicationSupportsIndirectInputEvents = YES;
				INFOPLIST_KEY_UILaunchScreen_Generation = YES;
				INFOPLIST_KEY_UISupportedInterfaceOrientations_iPad = "UIInterfaceOrientationPortrait UIInterfaceOrientationPortraitUpsideDown UIInterfaceOrientationLandscapeLeft UIInterfaceOrientationLandscapeRight";
				INFOPLIST_KEY_UISupportedInterfaceOrientations_iPhone = "UIInterfaceOrientationPortrait UIInterfaceOrientationLandscapeLeft UIInterfaceOrientationLandscapeRight";
				LD_RUNPATH_SEARCH_PATHS = (
					"$(inherited)",
					"@executable_path/Frameworks",
				);
				MARKETING_VERSION = 1.0;
				PRODUCT_BUNDLE_IDENTIFIER = KWK.CampFinder;
				PRODUCT_NAME = "$(TARGET_NAME)";
				SWIFT_EMIT_LOC_STRINGS = YES;
				SWIFT_VERSION = 5.0;
				TARGETED_DEVICE_FAMILY = "1,2";
			};
			name = Debug;
		};
		EEDD7E5A2A38BABE000BD240 /* Release */ = {
			isa = XCBuildConfiguration;
			buildSettings = {
				ASSETCATALOG_COMPILER_APPICON_NAME = AppIcon;
				ASSETCATALOG_COMPILER_GLOBAL_ACCENT_COLOR_NAME = AccentColor;
				CODE_SIGN_STYLE = Automatic;
				CURRENT_PROJECT_VERSION = 1;
				DEVELOPMENT_ASSET_PATHS = "\"CampFinder/Preview Content\"";
				DEVELOPMENT_TEAM = FMF3PSMXHT;
				ENABLE_PREVIEWS = YES;
				GENERATE_INFOPLIST_FILE = YES;
				INFOPLIST_KEY_UIApplicationSceneManifest_Generation = YES;
				INFOPLIST_KEY_UIApplicationSupportsIndirectInputEvents = YES;
				INFOPLIST_KEY_UILaunchScreen_Generation = YES;
				INFOPLIST_KEY_UISupportedInterfaceOrientations_iPad = "UIInterfaceOrientationPortrait UIInterfaceOrientationPortraitUpsideDown UIInterfaceOrientationLandscapeLeft UIInterfaceOrientationLandscapeRight";
				INFOPLIST_KEY_UISupportedInterfaceOrientations_iPhone = "UIInterfaceOrientationPortrait UIInterfaceOrientationLandscapeLeft UIInterfaceOrientationLandscapeRight";
				LD_RUNPATH_SEARCH_PATHS = (
					"$(inherited)",
					"@executable_path/Frameworks",
				);
				MARKETING_VERSION = 1.0;
				PRODUCT_BUNDLE_IDENTIFIER = KWK.CampFinder;
				PRODUCT_NAME = "$(TARGET_NAME)";
				SWIFT_EMIT_LOC_STRINGS = YES;
				SWIFT_VERSION = 5.0;
				TARGETED_DEVICE_FAMILY = "1,2";
			};
			name = Release;
		};
/* End XCBuildConfiguration section */

/* Begin XCConfigurationList section */
		EEDD7E452A38BABC000BD240 /* Build configuration list for PBXProject "CampFinder" */ = {
			isa = XCConfigurationList;
			buildConfigurations = (
				EEDD7E562A38BABE000BD240 /* Debug */,
				EEDD7E572A38BABE000BD240 /* Release */,
			);
			defaultConfigurationIsVisible = 0;
			defaultConfigurationName = Release;
		};
		EEDD7E582A38BABE000BD240 /* Build configuration list for PBXNativeTarget "CampFinder" */ = {
			isa = XCConfigurationList;
			buildConfigurations = (
				EEDD7E592A38BABE000BD240 /* Debug */,
				EEDD7E5A2A38BABE000BD240 /* Release */,
			);
			defaultConfigurationIsVisible = 0;
			defaultConfigurationName = Release;
		};
/* End XCConfigurationList section */
	};
	rootObject = EEDD7E422A38BABC000BD240 /* Project object */;
}
